
Microsoft Visual Studio Solution File, Format Version 12.00
# Visual Studio Version 17
VisualStudioVersion = 17.6.33723.286
MinimumVisualStudioVersion = 10.0.40219.1
Project("{FAE04EC0-301F-11D3-BF4B-00C04F79EFBC}") = "EF Core Task", "EF Core Task\EF Core Task.csproj", "{1EF75874-2DCA-4756-A59A-DC20474FE49F}"
EndProject
Global
	GlobalSection(SolutionConfigurationPlatforms) = preSolution
		Debug|Any CPU = Debug|Any CPU
		Release|Any CPU = Release|Any CPU
	EndGlobalSection
	GlobalSection(ProjectConfigurationPlatforms) = postSolution
		{1EF75874-2DCA-4756-A59A-DC20474FE49F}.Debug|Any CPU.ActiveCfg = Debug|Any CPU
		{1EF75874-2DCA-4756-A59A-DC20474FE49F}.Debug|Any CPU.Build.0 = Debug|Any CPU
		{1EF75874-2DCA-4756-A59A-DC20474FE49F}.Release|Any CPU.ActiveCfg = Release|Any CPU
		{1EF75874-2DCA-4756-A59A-DC20474FE49F}.Release|Any CPU.Build.0 = Release|Any CPU
	EndGlobalSection
	GlobalSection(SolutionProperties) = preSolution
		HideSolutionNode = FALSE
	EndGlobalSection
	GlobalSection(ExtensibilityGlobals) = postSolution
		SolutionGuid = {3D685D67-6527-4ADC-A61E-9B2BD37C60F7}
	EndGlobalSection
EndGlobal
