
Microsoft Visual Studio Solution File, Format Version 12.00
# Visual Studio Version 17
VisualStudioVersion = 17.6.33723.286
MinimumVisualStudioVersion = 10.0.40219.1
Project("{FAE04EC0-301F-11D3-BF4B-00C04F79EFBC}") = "DapperFirstTask", "DapperFirstTask\DapperFirstTask.csproj", "{2B7F6A99-AB32-49CB-B303-A6A638E10DAB}"
EndProject
Global
	GlobalSection(SolutionConfigurationPlatforms) = preSolution
		Debug|Any CPU = Debug|Any CPU
		Release|Any CPU = Release|Any CPU
	EndGlobalSection
	GlobalSection(ProjectConfigurationPlatforms) = postSolution
		{2B7F6A99-AB32-49CB-B303-A6A638E10DAB}.Debug|Any CPU.ActiveCfg = Debug|Any CPU
		{2B7F6A99-AB32-49CB-B303-A6A638E10DAB}.Debug|Any CPU.Build.0 = Debug|Any CPU
		{2B7F6A99-AB32-49CB-B303-A6A638E10DAB}.Release|Any CPU.ActiveCfg = Release|Any CPU
		{2B7F6A99-AB32-49CB-B303-A6A638E10DAB}.Release|Any CPU.Build.0 = Release|Any CPU
	EndGlobalSection
	GlobalSection(SolutionProperties) = preSolution
		HideSolutionNode = FALSE
	EndGlobalSection
	GlobalSection(ExtensibilityGlobals) = postSolution
		SolutionGuid = {9E9417D7-C8BC-4807-B7BA-FC03556B9DFB}
	EndGlobalSection
EndGlobal
